
Microsoft Visual Studio Solution File, Format Version 12.00
# Visual Studio Version 17
VisualStudioVersion = 17.7.34024.191
MinimumVisualStudioVersion = 10.0.40219.1
Project("{FAE04EC0-301F-11D3-BF4B-00C04F79EFBC}") = "backend", "backend\backend.csproj", "{6A5A30EC-A729-4898-96FC-B22B28BDBE5C}"
EndProject
Global
	GlobalSection(SolutionConfigurationPlatforms) = preSolution
		Debug|Any CPU = Debug|Any CPU
		Release|Any CPU = Release|Any CPU
	EndGlobalSection
	GlobalSection(ProjectConfigurationPlatforms) = postSolution
		{6A5A30EC-A729-4898-96FC-B22B28BDBE5C}.Debug|Any CPU.ActiveCfg = Debug|Any CPU
		{6A5A30EC-A729-4898-96FC-B22B28BDBE5C}.Debug|Any CPU.Build.0 = Debug|Any CPU
		{6A5A30EC-A729-4898-96FC-B22B28BDBE5C}.Release|Any CPU.ActiveCfg = Release|Any CPU
		{6A5A30EC-A729-4898-96FC-B22B28BDBE5C}.Release|Any CPU.Build.0 = Release|Any CPU
	EndGlobalSection
	GlobalSection(SolutionProperties) = preSolution
		HideSolutionNode = FALSE
	EndGlobalSection
	GlobalSection(ExtensibilityGlobals) = postSolution
		SolutionGuid = {0816F741-3B23-45C2-95EC-5EC033EAA3CC}
	EndGlobalSection
EndGlobal
